
Microsoft Visual Studio Solution File, Format Version 12.00
# Visual Studio Version 17
VisualStudioVersion = 17.8.34511.84
MinimumVisualStudioVersion = 10.0.40219.1
Project("{FAE04EC0-301F-11D3-BF4B-00C04F79EFBC}") = "Prog_120_W24_L7_02202024", "Prog_120_W24_L7_02202024.csproj", "{466DF27A-464C-4A48-BA2A-9A0EA74C7868}"
EndProject
Global
	GlobalSection(SolutionConfigurationPlatforms) = preSolution
		Debug|Any CPU = Debug|Any CPU
		Release|Any CPU = Release|Any CPU
	EndGlobalSection
	GlobalSection(ProjectConfigurationPlatforms) = postSolution
		{466DF27A-464C-4A48-BA2A-9A0EA74C7868}.Debug|Any CPU.ActiveCfg = Debug|Any CPU
		{466DF27A-464C-4A48-BA2A-9A0EA74C7868}.Debug|Any CPU.Build.0 = Debug|Any CPU
		{466DF27A-464C-4A48-BA2A-9A0EA74C7868}.Release|Any CPU.ActiveCfg = Release|Any CPU
		{466DF27A-464C-4A48-BA2A-9A0EA74C7868}.Release|Any CPU.Build.0 = Release|Any CPU
	EndGlobalSection
	GlobalSection(SolutionProperties) = preSolution
		HideSolutionNode = FALSE
	EndGlobalSection
	GlobalSection(ExtensibilityGlobals) = postSolution
		SolutionGuid = {92ACABE0-AE36-40B9-9D75-A6EA5BAC0466}
	EndGlobalSection
EndGlobal
